# THIS IS AN AUTOGENERATED FILE. DO NOT EDIT THIS FILE DIRECTLY.
# yarn lockfile v1


accepts@^1.2.2:
  version "1.3.3"
  resolved "http://registry.npm.taobao.org/accepts/download/accepts-1.3.3.tgz#c3ca7434938648c3e0d9c1e328dd68b622c284ca"
  dependencies:
    mime-types "~2.1.11"
    negotiator "0.6.1"

any-promise@^1.0.0, any-promise@^1.1.0:
  version "1.3.0"
  resolved "http://registry.npm.taobao.org/any-promise/download/any-promise-1.3.0.tgz#abc6afeedcea52e809cdc0376aed3ce39635d17f"

array-find-index@^1.0.1:
  version "1.0.2"
  resolved "http://registry.npm.taobao.org/array-find-index/download/array-find-index-1.0.2.tgz#df010aa1287e164bbda6f9723b0a96a1ec4187a1"

balanced-match@^0.4.1:
  version "0.4.2"
  resolved "http://registry.npm.taobao.org/balanced-match/download/balanced-match-0.4.2.tgz#cb3f3e3c732dc0f01ee70b403f302e61d7709838"

basic-auth@~1.1.0:
  version "1.1.0"
  resolved "http://registry.npm.taobao.org/basic-auth/download/basic-auth-1.1.0.tgz#45221ee429f7ee1e5035be3f51533f1cdfd29884"

black-hole-stream@~0.0.1:
  version "0.0.1"
  resolved "http://registry.npm.taobao.org/black-hole-stream/download/black-hole-stream-0.0.1.tgz#33b7a06b9f1e7453d6041b82974481d2152aea42"

bluebird@^3.1.1:
  version "3.5.0"
  resolved "http://registry.npm.taobao.org/bluebird/download/bluebird-3.5.0.tgz#791420d7f551eea2897453a8a77653f96606d67c"

brace-expansion@^1.0.0:
  version "1.1.6"
  resolved "http://registry.npm.taobao.org/brace-expansion/download/brace-expansion-1.1.6.tgz#7197d7eaa9b87e648390ea61fc66c84427420df9"
  dependencies:
    balanced-match "^0.4.1"
    concat-map "0.0.1"

builtin-modules@^1.0.0:
  version "1.1.1"
  resolved "http://registry.npm.taobao.org/builtin-modules/download/builtin-modules-1.1.1.tgz#270f076c5a72c02f5b65a47df94c5fe3a278892f"

busboy@^0.2.8:
  version "0.2.14"
  resolved "http://registry.npm.taobao.org/busboy/download/busboy-0.2.14.tgz#6c2a622efcf47c57bbbe1e2a9c37ad36c7925453"
  dependencies:
    dicer "0.2.5"
    readable-stream "1.1.x"

bytes@2.4.0:
  version "2.4.0"
  resolved "http://registry.npm.taobao.org/bytes/download/bytes-2.4.0.tgz#7d97196f9d5baf7f6935e25985549edd2a6c2339"

camelcase-keys@^2.0.0:
  version "2.1.0"
  resolved "http://registry.npm.taobao.org/camelcase-keys/download/camelcase-keys-2.1.0.tgz#308beeaffdf28119051efa1d932213c91b8f92e7"
  dependencies:
    camelcase "^2.0.0"
    map-obj "^1.0.0"

camelcase@^2.0.0:
  version "2.1.1"
  resolved "http://registry.npm.taobao.org/camelcase/download/camelcase-2.1.1.tgz#7c1d16d679a1bbe59ca02cacecfb011e201f5a1f"

chan@^0.6.1:
  version "0.6.1"
  resolved "http://registry.npm.taobao.org/chan/download/chan-0.6.1.tgz#ec0ad132e5bc62c27ef10ccbfc4d8dcd8ca00640"

co-body@^5.0.0:
  version "5.0.2"
  resolved "http://registry.npm.taobao.org/co-body/download/co-body-5.0.2.tgz#27df51480960aaa2ccc9bcbab09a79ad36744a93"
  dependencies:
    inflation "^2.0.0"
    qs "^6.4.0"
    raw-body "^2.2.0"
    type-is "^1.6.14"

co-busboy@1.3.1:
  version "1.3.1"
  resolved "http://registry.npm.taobao.org/co-busboy/download/co-busboy-1.3.1.tgz#4faa511a7bd5535b291fb0aa29663cfeaf672806"
  dependencies:
    black-hole-stream "~0.0.1"
    busboy "^0.2.8"
    chan "^0.6.1"

co-from-stream@0.0.0, co-from-stream@~0.0.0:
  version "0.0.0"
  resolved "http://registry.npm.taobao.org/co-from-stream/download/co-from-stream-0.0.0.tgz#1a5cd8ced77263946094fa39f2499a63297bcaf9"
  dependencies:
    co-read "0.0.1"

co-fs-extra@^1.1.0:
  version "1.2.1"
  resolved "http://registry.npm.taobao.org/co-fs-extra/download/co-fs-extra-1.2.1.tgz#3b6ad77cf2614530f677b1cf62664f5ba756b722"
  dependencies:
    co-from-stream "~0.0.0"
    fs-extra "~0.26.5"
    thunkify-wrap "~1.0.4"

co-fs@^1.2.0:
  version "1.2.0"
  resolved "http://registry.npm.taobao.org/co-fs/download/co-fs-1.2.0.tgz#a6df045ce58c04eed45586ff4385032813aba64e"
  dependencies:
    co-from-stream "0.0.0"
    thunkify "0.0.1"

co-read@0.0.1:
  version "0.0.1"
  resolved "http://registry.npm.taobao.org/co-read/download/co-read-0.0.1.tgz#f81b3eb8a86675fec51e3d883a7f564e873c9389"

co-render@1:
  version "1.1.0"
  resolved "http://registry.npm.taobao.org/co-render/download/co-render-1.1.0.tgz#90f465fab9dc5e236117c5804c9fcf0724e6d160"
  dependencies:
    consolidate "^0.14.0"
    debug "2"

co-views@^2.1.0:
  version "2.1.0"
  resolved "http://registry.npm.taobao.org/co-views/download/co-views-2.1.0.tgz#f1b24d582de6c4dc043a63acb912593d59bfa86c"
  dependencies:
    co-render "1"
    debug "2"
    object-assign "4"

co@^4.0.2, co@^4.4.0, co@^4.6.0:
  version "4.6.0"
  resolved "http://registry.npm.taobao.org/co/download/co-4.6.0.tgz#6ea6bdf3d853ae54ccb8e47bfa0bf3f9031fb184"

colors@1.1.2:
  version "1.1.2"
  resolved "http://registry.npm.taobao.org/colors/download/colors-1.1.2.tgz#168a4701756b6a7f51a12ce0c97bfa28c084ed63"

composition@^2.1.1:
  version "2.3.0"
  resolved "http://registry.npm.taobao.org/composition/download/composition-2.3.0.tgz#742805374cab550c520a33662f5a732e0208d6f2"
  dependencies:
    any-promise "^1.1.0"
    co "^4.0.2"

concat-map@0.0.1:
  version "0.0.1"
  resolved "http://registry.npm.taobao.org/concat-map/download/concat-map-0.0.1.tgz#d8a96bd77fd68df7793a73036a3ba0d5405d477b"

consolidate@^0.14.0:
  version "0.14.5"
  resolved "http://registry.npm.taobao.org/consolidate/download/consolidate-0.14.5.tgz#5a25047bc76f73072667c8cb52c989888f494c63"
  dependencies:
    bluebird "^3.1.1"

content-disposition@~0.5.0:
  version "0.5.2"
  resolved "http://registry.npm.taobao.org/content-disposition/download/content-disposition-0.5.2.tgz#0cf68bb9ddf5f2be7961c3a85178cb85dba78cb4"

content-type@^1.0.0:
  version "1.0.2"
  resolved "http://registry.npm.taobao.org/content-type/download/content-type-1.0.2.tgz#b7d113aee7a8dd27bd21133c4dc2529df1721eed"

cookies@~0.6.1:
  version "0.6.2"
  resolved "http://registry.npm.taobao.org/cookies/download/cookies-0.6.2.tgz#6ac1b052895208e8fc4c4f5f86a9ed31b9cb5ccf"
  dependencies:
    depd "~1.1.0"
    keygrip "~1.0.1"

copy-to@^2.0.1:
  version "2.0.1"
  resolved "http://registry.npm.taobao.org/copy-to/download/copy-to-2.0.1.tgz#2680fbb8068a48d08656b6098092bdafc906f4a5"

core-js@~2.3.0:
  version "2.3.0"
  resolved "http://registry.npm.taobao.org/core-js/download/core-js-2.3.0.tgz#fab83fbb0b2d8dc85fa636c4b9d34c75420c6d65"

core-util-is@~1.0.0:
  version "1.0.2"
  resolved "http://registry.npm.taobao.org/core-util-is/download/core-util-is-1.0.2.tgz#b5fd54220aa2bc5ab57aab7140c940754503c1a7"

currently-unhandled@^0.4.1:
  version "0.4.1"
  resolved "http://registry.npm.taobao.org/currently-unhandled/download/currently-unhandled-0.4.1.tgz#988df33feab191ef799a61369dd76c17adf957ea"
  dependencies:
    array-find-index "^1.0.1"

dateformat@1.0.12:
  version "1.0.12"
  resolved "http://registry.npm.taobao.org/dateformat/download/dateformat-1.0.12.tgz#9f124b67594c937ff706932e4a642cca8dbbfee9"
  dependencies:
    get-stdin "^4.0.1"
    meow "^3.3.0"

debug@*, debug@2, debug@^2.2.0:
  version "2.6.2"
  resolved "http://registry.npm.taobao.org/debug/download/debug-2.6.2.tgz#dfa96a861ee9b8c2f29349b3bcc41aa599a71e0f"
  dependencies:
    ms "0.7.2"

debug@2.6.1:
  version "2.6.1"
  resolved "http://registry.npm.taobao.org/debug/download/debug-2.6.1.tgz#79855090ba2c4e3115cc7d8769491d58f0491351"
  dependencies:
    ms "0.7.2"

decamelize@^1.1.2:
  version "1.2.0"
  resolved "http://registry.npm.taobao.org/decamelize/download/decamelize-1.2.0.tgz#f6534d15148269b20352e7bee26f501f9a191290"

deep-equal@~1.0.0:
  version "1.0.1"
  resolved "http://registry.npm.taobao.org/deep-equal/download/deep-equal-1.0.1.tgz#f5d260292b660e084eff4cdbc9f08ad3247448b5"

delegates@^1.0.0:
  version "1.0.0"
  resolved "http://registry.npm.taobao.org/delegates/download/delegates-1.0.0.tgz#84c6e159b81904fdca59a0ef44cd870d31250f9a"

depd@1.1.0, depd@~1.1.0:
  version "1.1.0"
  resolved "http://registry.npm.taobao.org/depd/download/depd-1.1.0.tgz#e1bd82c6aab6ced965b97b88b17ed3e528ca18c3"

destroy@^1.0.3:
  version "1.0.4"
  resolved "http://registry.npm.taobao.org/destroy/download/destroy-1.0.4.tgz#978857442c44749e4206613e37946205826abd80"

dicer@0.2.5:
  version "0.2.5"
  resolved "http://registry.npm.taobao.org/dicer/download/dicer-0.2.5.tgz#5996c086bb33218c812c090bddc09cd12facb70f"
  dependencies:
    readable-stream "1.1.x"
    streamsearch "0.1.2"

ee-first@1.1.1:
  version "1.1.1"
  resolved "http://registry.npm.taobao.org/ee-first/download/ee-first-1.1.1.tgz#590c61156b0ae2f4f0255732a158b266bc56b21d"

ejs@^2.3.4:
  version "2.5.6"
  resolved "http://registry.npm.taobao.org/ejs/download/ejs-2.5.6.tgz#479636bfa3fe3b1debd52087f0acb204b4f19c88"

enable@1:
  version "1.3.2"
  resolved "http://registry.npm.taobao.org/enable/download/enable-1.3.2.tgz#9eba6837d16d0982b59f87d889bf754443d52931"

error-ex@^1.2.0:
  version "1.3.1"
  resolved "http://registry.npm.taobao.org/error-ex/download/error-ex-1.3.1.tgz#f855a86ce61adc4e8621c3cda21e7a7612c3a8dc"
  dependencies:
    is-arrayish "^0.2.1"

error-inject@~1.0.0:
  version "1.0.0"
  resolved "http://registry.npm.taobao.org/error-inject/download/error-inject-1.0.0.tgz#e2b3d91b54aed672f309d950d154850fa11d4f37"

es6-promise@~3.0.2:
  version "3.0.2"
  resolved "http://registry.npm.taobao.org/es6-promise/download/es6-promise-3.0.2.tgz#010d5858423a5f118979665f46486a95c6ee2bb6"

escape-html@~1.0.1:
  version "1.0.3"
  resolved "http://registry.npm.taobao.org/escape-html/download/escape-html-1.0.3.tgz#0258eae4d3d0c0974de1c169188ef0051d1d1988"

find-up@^1.0.0:
  version "1.1.2"
  resolved "http://registry.npm.taobao.org/find-up/download/find-up-1.1.2.tgz#6b2e9822b1a2ce0a60ab64d610eccad53cb24d0f"
  dependencies:
    path-exists "^2.0.0"
    pinkie-promise "^2.0.0"

fresh@^0.3.0:
  version "0.3.0"
  resolved "http://registry.npm.taobao.org/fresh/download/fresh-0.3.0.tgz#651f838e22424e7566de161d8358caa199f83d4f"

fs-extra@~0.26.5:
  version "0.26.7"
  resolved "http://registry.npm.taobao.org/fs-extra/download/fs-extra-0.26.7.tgz#9ae1fdd94897798edab76d0918cf42d0c3184fa9"
  dependencies:
    graceful-fs "^4.1.2"
    jsonfile "^2.1.0"
    klaw "^1.0.0"
    path-is-absolute "^1.0.0"
    rimraf "^2.2.8"

fs.realpath@^1.0.0:
  version "1.0.0"
  resolved "http://registry.npm.taobao.org/fs.realpath/download/fs.realpath-1.0.0.tgz#1504ad2523158caa40db4a2787cb01411994ea4f"

get-stdin@^4.0.1:
  version "4.0.1"
  resolved "http://registry.npm.taobao.org/get-stdin/download/get-stdin-4.0.1.tgz#b968c6b0a04384324902e8bf1a5df32579a450fe"

glob@^7.0.5:
  version "7.1.1"
  resolved "http://registry.npm.taobao.org/glob/download/glob-7.1.1.tgz#805211df04faaf1c63a3600306cdf5ade50b2ec8"
  dependencies:
    fs.realpath "^1.0.0"
    inflight "^1.0.4"
    inherits "2"
    minimatch "^3.0.2"
    once "^1.3.0"
    path-is-absolute "^1.0.0"

graceful-fs@^4.1.2, graceful-fs@^4.1.6, graceful-fs@^4.1.9:
  version "4.1.11"
  resolved "http://registry.npm.taobao.org/graceful-fs/download/graceful-fs-4.1.11.tgz#0e8bdfe4d1ddb8854d64e04ea7c00e2a026e5658"

hosted-git-info@^2.1.4:
  version "2.2.0"
  resolved "http://registry.npm.taobao.org/hosted-git-info/download/hosted-git-info-2.2.0.tgz#7a0d097863d886c0fabbdcd37bf1758d8becf8a5"

http-assert@^1.1.0:
  version "1.2.0"
  resolved "http://registry.npm.taobao.org/http-assert/download/http-assert-1.2.0.tgz#d6392e6f6519def4e340266b35096db6d3feba00"
  dependencies:
    deep-equal "~1.0.0"
    http-errors "~1.4.0"

http-errors@^1.2.8, http-errors@^1.3.1:
  version "1.6.1"
  resolved "http://registry.npm.taobao.org/http-errors/download/http-errors-1.6.1.tgz#5f8b8ed98aca545656bf572997387f904a722257"
  dependencies:
    depd "1.1.0"
    inherits "2.0.3"
    setprototypeof "1.0.3"
    statuses ">= 1.3.1 < 2"

http-errors@~1.4.0:
  version "1.4.0"
  resolved "http://registry.npm.taobao.org/http-errors/download/http-errors-1.4.0.tgz#6c0242dea6b3df7afda153c71089b31c6e82aabf"
  dependencies:
    inherits "2.0.1"
    statuses ">= 1.2.1 < 2"

http-errors@~1.5.0:
  version "1.5.1"
  resolved "http://registry.npm.taobao.org/http-errors/download/http-errors-1.5.1.tgz#788c0d2c1de2c81b9e6e8c01843b6b97eb920750"
  dependencies:
    inherits "2.0.3"
    setprototypeof "1.0.2"
    statuses ">= 1.3.1 < 2"

iconv-lite@0.4.15:
  version "0.4.15"
  resolved "http://registry.npm.taobao.org/iconv-lite/download/iconv-lite-0.4.15.tgz#fe265a218ac6a57cfe854927e9d04c19825eddeb"

immediate@~3.0.5:
  version "3.0.6"
  resolved "http://registry.npm.taobao.org/immediate/download/immediate-3.0.6.tgz#9db1dbd0faf8de6fbe0f5dd5e56bb606280de69b"

indent-string@^2.1.0:
  version "2.1.0"
  resolved "http://registry.npm.taobao.org/indent-string/download/indent-string-2.1.0.tgz#8e2d48348742121b4a8218b7a137e9a52049dc80"
  dependencies:
    repeating "^2.0.0"

inflation@^2.0.0:
  version "2.0.0"
  resolved "http://registry.npm.taobao.org/inflation/download/inflation-2.0.0.tgz#8b417e47c28f925a45133d914ca1fd389107f30f"

inflight@^1.0.4:
  version "1.0.6"
  resolved "http://registry.npm.taobao.org/inflight/download/inflight-1.0.6.tgz#49bd6331d7d02d0c09bc910a1075ba8165b56df9"
  dependencies:
    once "^1.3.0"
    wrappy "1"

inherits@2, inherits@2.0.3, inherits@~2.0.1:
  version "2.0.3"
  resolved "http://registry.npm.taobao.org/inherits/download/inherits-2.0.3.tgz#633c2c83e3da42a502f52466022480f4208261de"

inherits@2.0.1:
  version "2.0.1"
  resolved "http://registry.npm.taobao.org/inherits/download/inherits-2.0.1.tgz#b17d08d326b4423e568eff719f91b0b1cbdf69f1"

is-arrayish@^0.2.1:
  version "0.2.1"
  resolved "http://registry.npm.taobao.org/is-arrayish/download/is-arrayish-0.2.1.tgz#77c99840527aa8ecb1a8ba697b80645a7a926a9d"

is-builtin-module@^1.0.0:
  version "1.0.0"
  resolved "http://registry.npm.taobao.org/is-builtin-module/download/is-builtin-module-1.0.0.tgz#540572d34f7ac3119f8f76c30cbc1b1e037affbe"
  dependencies:
    builtin-modules "^1.0.0"

is-finite@^1.0.0:
  version "1.0.2"
  resolved "http://registry.npm.taobao.org/is-finite/download/is-finite-1.0.2.tgz#cc6677695602be550ef11e8b4aa6305342b6d0aa"
  dependencies:
    number-is-nan "^1.0.0"

is-utf8@^0.2.0:
  version "0.2.1"
  resolved "http://registry.npm.taobao.org/is-utf8/download/is-utf8-0.2.1.tgz#4b0da1442104d1b336340e80797e865cf39f7d72"

isarray@0.0.1:
  version "0.0.1"
  resolved "http://registry.npm.taobao.org/isarray/download/isarray-0.0.1.tgz#8a18acfca9a8f4177e09abfc6038939b05d1eedf"

isarray@~1.0.0:
  version "1.0.0"
  resolved "http://registry.npm.taobao.org/isarray/download/isarray-1.0.0.tgz#bb935d48582cba168c06834957a54a3e07124f11"

jsonfile@^2.1.0:
  version "2.4.0"
  resolved "http://registry.npm.taobao.org/jsonfile/download/jsonfile-2.4.0.tgz#3736a2b428b87bbda0cc83b53fa3d633a35c2ae8"
  optionalDependencies:
    graceful-fs "^4.1.6"

jszip@^3.1.3:
  version "3.1.3"
  resolved "http://registry.npm.taobao.org/jszip/download/jszip-3.1.3.tgz#8a920403b2b1651c0fc126be90192d9080957c37"
  dependencies:
    core-js "~2.3.0"
    es6-promise "~3.0.2"
    lie "~3.1.0"
    pako "~1.0.2"
    readable-stream "~2.0.6"

keygrip@~1.0.1:
  version "1.0.1"
  resolved "http://registry.npm.taobao.org/keygrip/download/keygrip-1.0.1.tgz#b02fa4816eef21a8c4b35ca9e52921ffc89a30e9"

klaw@^1.0.0:
  version "1.3.1"
  resolved "http://registry.npm.taobao.org/klaw/download/klaw-1.3.1.tgz#4088433b46b3b1ba259d78785d8e96f73ba02439"
  optionalDependencies:
    graceful-fs "^4.1.9"

koa-bodyparser@^2.0.1:
  version "2.4.0"
  resolved "http://registry.npm.taobao.org/koa-bodyparser/download/koa-bodyparser-2.4.0.tgz#3a65194957cc738e8de96186763e23bc4ff157ab"
  dependencies:
    co-body "^5.0.0"
    copy-to "^2.0.1"

koa-compose@^2.2.0, koa-compose@^2.3.0:
  version "2.5.1"
  resolved "http://registry.npm.taobao.org/koa-compose/download/koa-compose-2.5.1.tgz#726cfb17694de5cb9fbf03c0adf172303f83f156"

koa-is-json@^1.0.0:
  version "1.0.0"
  resolved "http://registry.npm.taobao.org/koa-is-json/download/koa-is-json-1.0.0.tgz#273c07edcdcb8df6a2c1ab7d59ee76491451ec14"

koa-morgan@^0.3.0:
  version "0.3.0"
  resolved "http://registry.npm.taobao.org/koa-morgan/download/koa-morgan-0.3.0.tgz#9fb23cebdd3a873d8bb00380595f07d9423e9298"
  dependencies:
    morgan "^1.6.0"
    thenify "^3.1.0"

koa-mount@^1.3.0:
  version "1.3.0"
  resolved "http://registry.npm.taobao.org/koa-mount/download/koa-mount-1.3.0.tgz#de6ab775ec4b71ba6e67f2925a3d40dd5fab3ed0"
  dependencies:
    debug "*"
    koa-compose "^2.2.0"

koa-router@^5.1.2:
  version "5.4.0"
  resolved "http://registry.npm.taobao.org/koa-router/download/koa-router-5.4.0.tgz#2c4e67b0126b97263fdf24493ab2efb4c4c661c3"
  dependencies:
    debug "^2.2.0"
    http-errors "^1.3.1"
    methods "^1.0.1"
    path-to-regexp "^1.1.1"

koa-send@~2.0.1:
  version "2.0.2"
  resolved "http://registry.npm.taobao.org/koa-send/download/koa-send-2.0.2.tgz#15bda4568540f24a89e714d6ae6a55ae7a344fa8"
  dependencies:
    debug "*"
    mz "^2.0.0"
    resolve-path "^1.2.1"

koa-static@^1.4.9:
  version "1.5.2"
  resolved "http://registry.npm.taobao.org/koa-static/download/koa-static-1.5.2.tgz#400c61e5669481a2f881ee85245abe4d73c1daef"
  dependencies:
    debug "*"
    koa-send "~2.0.1"

koa@^1.0.0:
  version "1.3.0"
  resolved "http://registry.npm.taobao.org/koa/download/koa-1.3.0.tgz#beade03df39b8c00abf9a79752d4334a10683b26"
  dependencies:
    accepts "^1.2.2"
    co "^4.4.0"
    composition "^2.1.1"
    content-disposition "~0.5.0"
    content-type "^1.0.0"
    cookies "~0.6.1"
    debug "*"
    delegates "^1.0.0"
    destroy "^1.0.3"
    error-inject "~1.0.0"
    escape-html "~1.0.1"
    fresh "^0.3.0"
    http-assert "^1.1.0"
    http-errors "^1.2.8"
    koa-compose "^2.3.0"
    koa-is-json "^1.0.0"
    mime-types "^2.0.7"
    on-finished "^2.1.0"
    only "0.0.2"
    parseurl "^1.3.0"
    statuses "^1.2.0"
    type-is "^1.5.5"
    vary "^1.0.0"

lie@~3.1.0:
  version "3.1.1"
  resolved "http://registry.npm.taobao.org/lie/download/lie-3.1.1.tgz#9a436b2cc7746ca59de7a41fa469b3efb76bd87e"
  dependencies:
    immediate "~3.0.5"

load-json-file@^1.0.0:
  version "1.1.0"
  resolved "http://registry.npm.taobao.org/load-json-file/download/load-json-file-1.1.0.tgz#956905708d58b4bab4c2261b04f59f31c99374c0"
  dependencies:
    graceful-fs "^4.1.2"
    parse-json "^2.2.0"
    pify "^2.0.0"
    pinkie-promise "^2.0.0"
    strip-bom "^2.0.0"

loud-rejection@^1.0.0:
  version "1.6.0"
  resolved "http://registry.npm.taobao.org/loud-rejection/download/loud-rejection-1.6.0.tgz#5b46f80147edee578870f086d04821cf998e551f"
  dependencies:
    currently-unhandled "^0.4.1"
    signal-exit "^3.0.0"

map-obj@^1.0.0, map-obj@^1.0.1:
  version "1.0.1"
  resolved "http://registry.npm.taobao.org/map-obj/download/map-obj-1.0.1.tgz#d933ceb9205d82bdcf4886f6742bdc2b4dea146d"

media-typer@0.3.0:
  version "0.3.0"
  resolved "http://registry.npm.taobao.org/media-typer/download/media-typer-0.3.0.tgz#8710d7af0aa626f8fffa1ce00168545263255748"

meow@^3.3.0:
  version "3.7.0"
  resolved "http://registry.npm.taobao.org/meow/download/meow-3.7.0.tgz#72cb668b425228290abbfa856892587308a801fb"
  dependencies:
    camelcase-keys "^2.0.0"
    decamelize "^1.1.2"
    loud-rejection "^1.0.0"
    map-obj "^1.0.1"
    minimist "^1.1.3"
    normalize-package-data "^2.3.4"
    object-assign "^4.0.1"
    read-pkg-up "^1.0.1"
    redent "^1.0.0"
    trim-newlines "^1.0.0"

methods@^1.0.1:
  version "1.1.2"
  resolved "http://registry.npm.taobao.org/methods/download/methods-1.1.2.tgz#5529a4d67654134edcc5266656835b0f851afcee"

mime-db@~1.26.0:
  version "1.26.0"
  resolved "http://registry.npm.taobao.org/mime-db/download/mime-db-1.26.0.tgz#eaffcd0e4fc6935cf8134da246e2e6c35305adff"

mime-types@^2.0.7, mime-types@~2.1.11, mime-types@~2.1.13:
  version "2.1.14"
  resolved "http://registry.npm.taobao.org/mime-types/download/mime-types-2.1.14.tgz#f7ef7d97583fcaf3b7d282b6f8b5679dab1e94ee"
  dependencies:
    mime-db "~1.26.0"

minimatch@^3.0.2:
  version "3.0.3"
  resolved "http://registry.npm.taobao.org/minimatch/download/minimatch-3.0.3.tgz#2a4e4090b96b2db06a9d7df01055a62a77c9b774"
  dependencies:
    brace-expansion "^1.0.0"

minimist@^1.1.3:
  version "1.2.0"
  resolved "http://registry.npm.taobao.org/minimist/download/minimist-1.2.0.tgz#a35008b20f41383eec1fb914f4cd5df79a264284"

minimist@~0.0.1:
  version "0.0.10"
  resolved "http://registry.npm.taobao.org/minimist/download/minimist-0.0.10.tgz#de3f98543dbf96082be48ad1a0c7cda836301dcf"

morgan@^1.6.0:
  version "1.8.1"
  resolved "http://registry.npm.taobao.org/morgan/download/morgan-1.8.1.tgz#f93023d3887bd27b78dfd6023cea7892ee27a4b1"
  dependencies:
    basic-auth "~1.1.0"
    debug "2.6.1"
    depd "~1.1.0"
    on-finished "~2.3.0"
    on-headers "~1.0.1"

ms@0.7.2:
  version "0.7.2"
  resolved "http://registry.npm.taobao.org/ms/download/ms-0.7.2.tgz#ae25cf2512b3885a1d95d7f037868d8431124765"

mz@^2.0.0:
  version "2.6.0"
  resolved "http://registry.npm.taobao.org/mz/download/mz-2.6.0.tgz#c8b8521d958df0a4f2768025db69c719ee4ef1ce"
  dependencies:
    any-promise "^1.0.0"
    object-assign "^4.0.1"
    thenify-all "^1.0.0"

negotiator@0.6.1:
  version "0.6.1"
  resolved "http://registry.npm.taobao.org/negotiator/download/negotiator-0.6.1.tgz#2b327184e8992101177b28563fb5e7102acd0ca9"

normalize-package-data@^2.3.2, normalize-package-data@^2.3.4:
  version "2.3.6"
  resolved "http://registry.npm.taobao.org/normalize-package-data/download/normalize-package-data-2.3.6.tgz#498fa420c96401f787402ba21e600def9f981fff"
  dependencies:
    hosted-git-info "^2.1.4"
    is-builtin-module "^1.0.0"
    semver "2 || 3 || 4 || 5"
    validate-npm-package-license "^3.0.1"

number-is-nan@^1.0.0:
  version "1.0.1"
  resolved "http://registry.npm.taobao.org/number-is-nan/download/number-is-nan-1.0.1.tgz#097b602b53422a522c1afb8790318336941a011d"

object-assign@4, object-assign@^4.0.1:
  version "4.1.1"
  resolved "http://registry.npm.taobao.org/object-assign/download/object-assign-4.1.1.tgz#2109adc7965887cfc05cbbd442cac8bfbb360863"

on-finished@^2.1.0, on-finished@~2.3.0:
  version "2.3.0"
  resolved "http://registry.npm.taobao.org/on-finished/download/on-finished-2.3.0.tgz#20f1336481b083cd75337992a16971aa2d906947"
  dependencies:
    ee-first "1.1.1"

on-headers@~1.0.1:
  version "1.0.1"
  resolved "http://registry.npm.taobao.org/on-headers/download/on-headers-1.0.1.tgz#928f5d0f470d49342651ea6794b0857c100693f7"

once@^1.3.0:
  version "1.4.0"
  resolved "http://registry.npm.taobao.org/once/download/once-1.4.0.tgz#583b1aa775961d4b113ac17d9c50baef9dd76bd1"
  dependencies:
    wrappy "1"

only@0.0.2:
  version "0.0.2"
  resolved "http://registry.npm.taobao.org/only/download/only-0.0.2.tgz#2afde84d03e50b9a8edc444e30610a70295edfb4"

optimist@^0.6.1:
  version "0.6.1"
  resolved "http://registry.npm.taobao.org/optimist/download/optimist-0.6.1.tgz#da3ea74686fa21a19a111c326e90eb15a0196686"
  dependencies:
    minimist "~0.0.1"
    wordwrap "~0.0.2"

pako@~1.0.2:
  version "1.0.4"
  resolved "http://registry.npm.taobao.org/pako/download/pako-1.0.4.tgz#412cc97c3b7ff06dc6c2557fd4f03d06f5e708d4"

parse-json@^2.2.0:
  version "2.2.0"
  resolved "http://registry.npm.taobao.org/parse-json/download/parse-json-2.2.0.tgz#f480f40434ef80741f8469099f8dea18f55a4dc9"
  dependencies:
    error-ex "^1.2.0"

parseurl@^1.3.0:
  version "1.3.1"
  resolved "http://registry.npm.taobao.org/parseurl/download/parseurl-1.3.1.tgz#c8ab8c9223ba34888aa64a297b28853bec18da56"

path-exists@^2.0.0:
  version "2.1.0"
  resolved "http://registry.npm.taobao.org/path-exists/download/path-exists-2.1.0.tgz#0feb6c64f0fc518d9a754dd5efb62c7022761f4b"
  dependencies:
    pinkie-promise "^2.0.0"

path-is-absolute@1.0.1, path-is-absolute@^1.0.0:
  version "1.0.1"
  resolved "http://registry.npm.taobao.org/path-is-absolute/download/path-is-absolute-1.0.1.tgz#174b9268735534ffbc7ace6bf53a5a9e1b5c5f5f"

path-to-regexp@^1.1.1:
  version "1.7.0"
  resolved "http://registry.npm.taobao.org/path-to-regexp/download/path-to-regexp-1.7.0.tgz#59fde0f435badacba103a84e9d3bc64e96b9937d"
  dependencies:
    isarray "0.0.1"

path-type@^1.0.0:
  version "1.1.0"
  resolved "http://registry.npm.taobao.org/path-type/download/path-type-1.1.0.tgz#59c44f7ee491da704da415da5a4070ba4f8fe441"
  dependencies:
    graceful-fs "^4.1.2"
    pify "^2.0.0"
    pinkie-promise "^2.0.0"

pify@^2.0.0:
  version "2.3.0"
  resolved "http://registry.npm.taobao.org/pify/download/pify-2.3.0.tgz#ed141a6ac043a849ea588498e7dca8b15330e90c"

pinkie-promise@^2.0.0:
  version "2.0.1"
  resolved "http://registry.npm.taobao.org/pinkie-promise/download/pinkie-promise-2.0.1.tgz#2135d6dfa7a358c069ac9b178776288228450ffa"
  dependencies:
    pinkie "^2.0.0"

pinkie@^2.0.0:
  version "2.0.4"
  resolved "http://registry.npm.taobao.org/pinkie/download/pinkie-2.0.4.tgz#72556b80cfa0d48a974e80e77248e80ed4f7f870"

process-nextick-args@~1.0.6:
  version "1.0.7"
  resolved "http://registry.npm.taobao.org/process-nextick-args/download/process-nextick-args-1.0.7.tgz#150e20b756590ad3f91093f25a4f2ad8bff30ba3"

qs@^6.4.0:
  version "6.4.0"
  resolved "http://registry.npm.taobao.org/qs/download/qs-6.4.0.tgz#13e26d28ad6b0ffaa91312cd3bf708ed351e7233"

raw-body@^2.2.0:
  version "2.2.0"
  resolved "http://registry.npm.taobao.org/raw-body/download/raw-body-2.2.0.tgz#994976cf6a5096a41162840492f0bdc5d6e7fb96"
  dependencies:
    bytes "2.4.0"
    iconv-lite "0.4.15"
    unpipe "1.0.0"

read-pkg-up@^1.0.1:
  version "1.0.1"
  resolved "http://registry.npm.taobao.org/read-pkg-up/download/read-pkg-up-1.0.1.tgz#9d63c13276c065918d57f002a57f40a1b643fb02"
  dependencies:
    find-up "^1.0.0"
    read-pkg "^1.0.0"

read-pkg@^1.0.0:
  version "1.1.0"
  resolved "http://registry.npm.taobao.org/read-pkg/download/read-pkg-1.1.0.tgz#f5ffaa5ecd29cb31c0474bca7d756b6bb29e3f28"
  dependencies:
    load-json-file "^1.0.0"
    normalize-package-data "^2.3.2"
    path-type "^1.0.0"

readable-stream@1.1.x:
  version "1.1.14"
  resolved "http://registry.npm.taobao.org/readable-stream/download/readable-stream-1.1.14.tgz#7cf4c54ef648e3813084c636dd2079e166c081d9"
  dependencies:
    core-util-is "~1.0.0"
    inherits "~2.0.1"
    isarray "0.0.1"
    string_decoder "~0.10.x"

readable-stream@~2.0.6:
  version "2.0.6"
  resolved "http://registry.npm.taobao.org/readable-stream/download/readable-stream-2.0.6.tgz#8f90341e68a53ccc928788dacfcd11b36eb9b78e"
  dependencies:
    core-util-is "~1.0.0"
    inherits "~2.0.1"
    isarray "~1.0.0"
    process-nextick-args "~1.0.6"
    string_decoder "~0.10.x"
    util-deprecate "~1.0.1"

redent@^1.0.0:
  version "1.0.0"
  resolved "http://registry.npm.taobao.org/redent/download/redent-1.0.0.tgz#cf916ab1fd5f1f16dfb20822dd6ec7f730c2afde"
  dependencies:
    indent-string "^2.1.0"
    strip-indent "^1.0.1"

repeating@^2.0.0:
  version "2.0.1"
  resolved "http://registry.npm.taobao.org/repeating/download/repeating-2.0.1.tgz#5214c53a926d3552707527fbab415dbc08d06dda"
  dependencies:
    is-finite "^1.0.0"

resolve-path@^1.2.1:
  version "1.3.3"
  resolved "http://registry.npm.taobao.org/resolve-path/download/resolve-path-1.3.3.tgz#4d83aba6468c2b8e632a575e3f52b0fa0dbe1a5c"
  dependencies:
    http-errors "~1.5.0"
    path-is-absolute "1.0.1"

rimraf@^2.2.8:
  version "2.6.1"
  resolved "http://registry.npm.taobao.org/rimraf/download/rimraf-2.6.1.tgz#c2338ec643df7a1b7fe5c54fa86f57428a55f33d"
  dependencies:
    glob "^7.0.5"

"semver@2 || 3 || 4 || 5":
  version "5.3.0"
  resolved "http://registry.npm.taobao.org/semver/download/semver-5.3.0.tgz#9b2ce5d3de02d17c6012ad326aa6b4d0cf54f94f"

setprototypeof@1.0.2:
  version "1.0.2"
  resolved "http://registry.npm.taobao.org/setprototypeof/download/setprototypeof-1.0.2.tgz#81a552141ec104b88e89ce383103ad5c66564d08"

setprototypeof@1.0.3:
  version "1.0.3"
  resolved "http://registry.npm.taobao.org/setprototypeof/download/setprototypeof-1.0.3.tgz#66567e37043eeb4f04d91bd658c0cbefb55b8e04"

signal-exit@^3.0.0:
  version "3.0.2"
  resolved "http://registry.npm.taobao.org/signal-exit/download/signal-exit-3.0.2.tgz#b5fdc08f1287ea1178628e415e25132b73646c6d"

spdx-correct@~1.0.0:
  version "1.0.2"
  resolved "http://registry.npm.taobao.org/spdx-correct/download/spdx-correct-1.0.2.tgz#4b3073d933ff51f3912f03ac5519498a4150db40"
  dependencies:
    spdx-license-ids "^1.0.2"

spdx-expression-parse@~1.0.0:
  version "1.0.4"
  resolved "http://registry.npm.taobao.org/spdx-expression-parse/download/spdx-expression-parse-1.0.4.tgz#9bdf2f20e1f40ed447fbe273266191fced51626c"

spdx-license-ids@^1.0.2:
  version "1.2.2"
  resolved "http://registry.npm.taobao.org/spdx-license-ids/download/spdx-license-ids-1.2.2.tgz#c9df7a3424594ade6bd11900d596696dc06bac57"

"statuses@>= 1.2.1 < 2", "statuses@>= 1.3.1 < 2", statuses@^1.2.0:
  version "1.3.1"
  resolved "http://registry.npm.taobao.org/statuses/download/statuses-1.3.1.tgz#faf51b9eb74aaef3b3acf4ad5f61abf24cb7b93e"

streamsearch@0.1.2:
  version "0.1.2"
  resolved "http://registry.npm.taobao.org/streamsearch/download/streamsearch-0.1.2.tgz#808b9d0e56fc273d809ba57338e929919a1a9f1a"

string_decoder@~0.10.x:
  version "0.10.31"
  resolved "http://registry.npm.taobao.org/string_decoder/download/string_decoder-0.10.31.tgz#62e203bc41766c6c28c9fc84301dab1c5310fa94"

strip-bom@^2.0.0:
  version "2.0.0"
  resolved "http://registry.npm.taobao.org/strip-bom/download/strip-bom-2.0.0.tgz#6219a85616520491f35788bdbf1447a99c7e6b0e"
  dependencies:
    is-utf8 "^0.2.0"

strip-indent@^1.0.1:
  version "1.0.1"
  resolved "http://registry.npm.taobao.org/strip-indent/download/strip-indent-1.0.1.tgz#0c7962a6adefa7bbd4ac366460a638552ae1a0a2"
  dependencies:
    get-stdin "^4.0.1"

thenify-all@^1.0.0:
  version "1.6.0"
  resolved "http://registry.npm.taobao.org/thenify-all/download/thenify-all-1.6.0.tgz#1a1918d402d8fc3f98fbf234db0bcc8cc10e9726"
  dependencies:
    thenify ">= 3.1.0 < 4"

"thenify@>= 3.1.0 < 4", thenify@^3.1.0:
  version "3.2.1"
  resolved "http://registry.npm.taobao.org/thenify/download/thenify-3.2.1.tgz#251fd1c80aff6e5cf57cb179ab1fcb724269bd11"
  dependencies:
    any-promise "^1.0.0"

thunkify-wrap@~1.0.4:
  version "1.0.4"
  resolved "http://registry.npm.taobao.org/thunkify-wrap/download/thunkify-wrap-1.0.4.tgz#b52be548ddfefda20e00b58c6096762b43dd6880"
  dependencies:
    enable "1"

thunkify@0.0.1:
  version "0.0.1"
  resolved "http://registry.npm.taobao.org/thunkify/download/thunkify-0.0.1.tgz#bd5d36b1069b4078e5dcbac8fab45359bea6183d"

tinytim@0.1.1:
  version "0.1.1"
  resolved "http://registry.npm.taobao.org/tinytim/download/tinytim-0.1.1.tgz#c968a1e5559ad9553224ef7627bab34e3caef8a8"

tracer@^0.8.0:
  version "0.8.7"
  resolved "http://registry.npm.taobao.org/tracer/download/tracer-0.8.7.tgz#d8e766de7ea8bb3ea28523b001691d3a95e3cd9c"
  dependencies:
    colors "1.1.2"
    dateformat "1.0.12"
    tinytim "0.1.1"

trim-newlines@^1.0.0:
  version "1.0.0"
  resolved "http://registry.npm.taobao.org/trim-newlines/download/trim-newlines-1.0.0.tgz#5887966bb582a4503a41eb524f7d35011815a613"

type-is@^1.5.5, type-is@^1.6.14:
  version "1.6.14"
  resolved "http://registry.npm.taobao.org/type-is/download/type-is-1.6.14.tgz#e219639c17ded1ca0789092dd54a03826b817cb2"
  dependencies:
    media-typer "0.3.0"
    mime-types "~2.1.13"

unpipe@1.0.0:
  version "1.0.0"
  resolved "http://registry.npm.taobao.org/unpipe/download/unpipe-1.0.0.tgz#b2bf4ee8514aae6165b4817829d21b2ef49904ec"

util-deprecate@~1.0.1:
  version "1.0.2"
  resolved "http://registry.npm.taobao.org/util-deprecate/download/util-deprecate-1.0.2.tgz#450d4dc9fa70de732762fbd2d4a28981419a0ccf"

validate-npm-package-license@^3.0.1:
  version "3.0.1"
  resolved "http://registry.npm.taobao.org/validate-npm-package-license/download/validate-npm-package-license-3.0.1.tgz#2804babe712ad3379459acfbe24746ab2c303fbc"
  dependencies:
    spdx-correct "~1.0.0"
    spdx-expression-parse "~1.0.0"

vary@^1.0.0:
  version "1.1.0"
  resolved "http://registry.npm.taobao.org/vary/download/vary-1.1.0.tgz#e1e5affbbd16ae768dd2674394b9ad3022653140"

wordwrap@~0.0.2:
  version "0.0.3"
  resolved "http://registry.npm.taobao.org/wordwrap/download/wordwrap-0.0.3.tgz#a3d5da6cd5c0bc0008d37234bbaf1bed63059107"

wrappy@1:
  version "1.0.2"
  resolved "http://registry.npm.taobao.org/wrappy/download/wrappy-1.0.2.tgz#b5243d8f3ec1aa35f1364605bc0d1036e30ab69f"
